
Microsoft Visual Studio Solution File, Format Version 12.00
# Visual Studio Version 16
VisualStudioVersion = 16.0.30804.86
MinimumVisualStudioVersion = 10.0.40219.1
Project("{FAE04EC0-301F-11D3-BF4B-00C04F79EFBC}") = "PeopleListReact", "PeopleListReact\PeopleListReact.csproj", "{76C9A003-00D8-4882-B552-2AC05F62A317}"
EndProject
Global
	GlobalSection(SolutionConfigurationPlatforms) = preSolution
		Debug|Any CPU = Debug|Any CPU
		Release|Any CPU = Release|Any CPU
	EndGlobalSection
	GlobalSection(ProjectConfigurationPlatforms) = postSolution
		{76C9A003-00D8-4882-B552-2AC05F62A317}.Debug|Any CPU.ActiveCfg = Debug|Any CPU
		{76C9A003-00D8-4882-B552-2AC05F62A317}.Debug|Any CPU.Build.0 = Debug|Any CPU
		{76C9A003-00D8-4882-B552-2AC05F62A317}.Release|Any CPU.ActiveCfg = Release|Any CPU
		{76C9A003-00D8-4882-B552-2AC05F62A317}.Release|Any CPU.Build.0 = Release|Any CPU
	EndGlobalSection
	GlobalSection(SolutionProperties) = preSolution
		HideSolutionNode = FALSE
	EndGlobalSection
	GlobalSection(ExtensibilityGlobals) = postSolution
		SolutionGuid = {57CF3C8C-D120-43E4-8CC5-C97BD8589BE1}
	EndGlobalSection
EndGlobal
